
Microsoft Visual Studio Solution File, Format Version 12.00
# Visual Studio Version 16
VisualStudioVersion = 16.0.30503.244
MinimumVisualStudioVersion = 10.0.40219.1
Project("{FAE04EC0-301F-11D3-BF4B-00C04F79EFBC}") = "ProjectZ", "ProjectZ\ProjectZ.csproj", "{FA660345-A865-4473-8D7F-FB8D142EAB31}"
EndProject
Global
	GlobalSection(SolutionConfigurationPlatforms) = preSolution
		Debug|Any CPU = Debug|Any CPU
		Release|Any CPU = Release|Any CPU
	EndGlobalSection
	GlobalSection(ProjectConfigurationPlatforms) = postSolution
		{FA660345-A865-4473-8D7F-FB8D142EAB31}.Debug|Any CPU.ActiveCfg = Debug|Any CPU
		{FA660345-A865-4473-8D7F-FB8D142EAB31}.Debug|Any CPU.Build.0 = Debug|Any CPU
		{FA660345-A865-4473-8D7F-FB8D142EAB31}.Release|Any CPU.ActiveCfg = Release|Any CPU
		{FA660345-A865-4473-8D7F-FB8D142EAB31}.Release|Any CPU.Build.0 = Release|Any CPU
	EndGlobalSection
	GlobalSection(SolutionProperties) = preSolution
		HideSolutionNode = FALSE
	EndGlobalSection
	GlobalSection(ExtensibilityGlobals) = postSolution
		SolutionGuid = {A002A64E-6954-4C6B-AF73-25AF9F1A9FEB}
	EndGlobalSection
EndGlobal
